
Microsoft Visual Studio Solution File, Format Version 12.00
# Visual Studio Version 17
VisualStudioVersion = 17.5.002.0
MinimumVisualStudioVersion = 10.0.40219.1
Project("{9A19103F-16F7-4668-BE54-9A1E7A4F7556}") = "TestPlugin", "TestPlugin.csproj", "{C8630596-C159-4A80-8611-BF8F6EDF5A97}"
EndProject
Global
	GlobalSection(SolutionConfigurationPlatforms) = preSolution
		Debug|Any CPU = Debug|Any CPU
		Release|Any CPU = Release|Any CPU
	EndGlobalSection
	GlobalSection(ProjectConfigurationPlatforms) = postSolution
		{C8630596-C159-4A80-8611-BF8F6EDF5A97}.Debug|Any CPU.ActiveCfg = Debug|Any CPU
		{C8630596-C159-4A80-8611-BF8F6EDF5A97}.Debug|Any CPU.Build.0 = Debug|Any CPU
		{C8630596-C159-4A80-8611-BF8F6EDF5A97}.Release|Any CPU.ActiveCfg = Release|Any CPU
		{C8630596-C159-4A80-8611-BF8F6EDF5A97}.Release|Any CPU.Build.0 = Release|Any CPU
	EndGlobalSection
	GlobalSection(SolutionProperties) = preSolution
		HideSolutionNode = FALSE
	EndGlobalSection
	GlobalSection(ExtensibilityGlobals) = postSolution
		SolutionGuid = {609E9201-46FB-4F89-B6C3-9F9438720E45}
	EndGlobalSection
EndGlobal
